{
  "version": 4,
  "terraform_version": "1.3.4",
  "serial": 2,
  "lineage": "3d70d5b9-0987-0a11-9cb8-5693ae55d8ee",
  "outputs": {
    "outvar1": {
      "value": "/subscriptions/e49a8132-efca-4290-be58-b055ae28fb3e/resourceGroups/myrg1",
      "type": "string"
    }
  },
  "resources": [
    {
      "mode": "managed",
      "type": "azurerm_resource_group",
      "name": "dep1",
      "provider": "provider[\"registry.terraform.io/hashicorp/azurerm\"]",
      "instances": [
        {
          "schema_version": 0,
          "attributes": {
            "id": "/subscriptions/e49a8132-efca-4290-be58-b055ae28fb3e/resourceGroups/myrg1",
            "location": "eastus",
            "name": "myrg1",
            "tags": null,
            "timeouts": null
          },
          "sensitive_attributes": [],
          "private": "eyJlMmJmYjczMC1lY2FhLTExZTYtOGY4OC0zNDM2M2JjN2M0YzAiOnsiY3JlYXRlIjo1NDAwMDAwMDAwMDAwLCJkZWxldGUiOjU0MDAwMDAwMDAwMDAsInJlYWQiOjMwMDAwMDAwMDAwMCwidXBkYXRlIjo1NDAwMDAwMDAwMDAwfX0="
        }
      ]
    }
  ],
  "check_results": null
}
